// !$*UTF8*$!
{
	archiveVersion = 1;
	classes = {
	};
	objectVersion = 46;
	objects = {

/* Begin PBXBuildFile section */
		1BF684A21D9E3E6000B275FF /* iRate.bundle in Resources */ = {isa = PBXBuildFile; fileRef = 1BF6849F1D9E3E6000B275FF /* iRate.bundle */; };
		1BF684A31D9E3E6000B275FF /* iRate.h in Headers */ = {isa = PBXBuildFile; fileRef = 1BF684A01D9E3E6000B275FF /* iRate.h */; };
		1BF684A41D9E3E6000B275FF /* iRate.m in Sources */ = {isa = PBXBuildFile; fileRef = 1BF684A11D9E3E6000B275FF /* iRate.m */; };
		1BF684B11D9E3F2F00B275FF /* FlashRuntimeExtensions.h in Headers */ = {isa = PBXBuildFile; fileRef = 1BF684AD1D9E3F2F00B275FF /* FlashRuntimeExtensions.h */; };
		1BF684B21D9E3F2F00B275FF /* Rating-Prefix.pch in Headers */ = {isa = PBXBuildFile; fileRef = 1BF684AE1D9E3F2F00B275FF /* Rating-Prefix.pch */; };
		1BF684B31D9E3F2F00B275FF /* Rating.h in Headers */ = {isa = PBXBuildFile; fileRef = 1BF684AF1D9E3F2F00B275FF /* Rating.h */; };
		1BF684B41D9E3F2F00B275FF /* Rating.m in Sources */ = {isa = PBXBuildFile; fileRef = 1BF684B01D9E3F2F00B275FF /* Rating.m */; };
		F8487310191FEEB000808C8C /* Foundation.framework in Frameworks */ = {isa = PBXBuildFile; fileRef = F848730F191FEEB000808C8C /* Foundation.framework */; };
		F8487314191FEEB000808C8C /* UIKit.framework in Frameworks */ = {isa = PBXBuildFile; fileRef = F8487313191FEEB000808C8C /* UIKit.framework */; };
/* End PBXBuildFile section */

/* Begin PBXCopyFilesBuildPhase section */
		F84873591920106500808C8C /* CopyFiles */ = {
			isa = PBXCopyFilesBuildPhase;
			buildActionMask = 2147483647;
			dstPath = "";
			dstSubfolderSpec = 7;
			files = (
			);
			runOnlyForDeploymentPostprocessing = 0;
		};
/* End PBXCopyFilesBuildPhase section */

/* Begin PBXFileReference section */
		1BF6849F1D9E3E6000B275FF /* iRate.bundle */ = {isa = PBXFileReference; lastKnownFileType = "wrapper.plug-in"; path = iRate.bundle; sourceTree = "<group>"; };
		1BF684A01D9E3E6000B275FF /* iRate.h */ = {isa = PBXFileReference; fileEncoding = 4; lastKnownFileType = sourcecode.c.h; path = iRate.h; sourceTree = "<group>"; };
		1BF684A11D9E3E6000B275FF /* iRate.m */ = {isa = PBXFileReference; fileEncoding = 4; lastKnownFileType = sourcecode.c.objc; path = iRate.m; sourceTree = "<group>"; };
		1BF684AD1D9E3F2F00B275FF /* FlashRuntimeExtensions.h */ = {isa = PBXFileReference; fileEncoding = 4; lastKnownFileType = sourcecode.c.h; path = FlashRuntimeExtensions.h; sourceTree = "<group>"; };
		1BF684AE1D9E3F2F00B275FF /* Rating-Prefix.pch */ = {isa = PBXFileReference; fileEncoding = 4; lastKnownFileType = sourcecode.c.h; path = "Rating-Prefix.pch"; sourceTree = "<group>"; };
		1BF684AF1D9E3F2F00B275FF /* Rating.h */ = {isa = PBXFileReference; fileEncoding = 4; lastKnownFileType = sourcecode.c.h; path = Rating.h; sourceTree = "<group>"; };
		1BF684B01D9E3F2F00B275FF /* Rating.m */ = {isa = PBXFileReference; fileEncoding = 4; lastKnownFileType = sourcecode.c.objc; path = Rating.m; sourceTree = "<group>"; };
		F848730C191FEEB000808C8C /* libRating.a */ = {isa = PBXFileReference; explicitFileType = archive.ar; includeInIndex = 0; path = libRating.a; sourceTree = BUILT_PRODUCTS_DIR; };
		F848730F191FEEB000808C8C /* Foundation.framework */ = {isa = PBXFileReference; lastKnownFileType = wrapper.framework; name = Foundation.framework; path = System/Library/Frameworks/Foundation.framework; sourceTree = SDKROOT; };
		F8487313191FEEB000808C8C /* UIKit.framework */ = {isa = PBXFileReference; lastKnownFileType = wrapper.framework; name = UIKit.framework; path = System/Library/Frameworks/UIKit.framework; sourceTree = SDKROOT; };
/* End PBXFileReference section */

/* Begin PBXFrameworksBuildPhase section */
		F8487309191FEEB000808C8C /* Frameworks */ = {
			isa = PBXFrameworksBuildPhase;
			buildActionMask = 2147483647;
			files = (
				F8487314191FEEB000808C8C /* UIKit.framework in Frameworks */,
				F8487310191FEEB000808C8C /* Foundation.framework in Frameworks */,
			);
			runOnlyForDeploymentPostprocessing = 0;
		};
/* End PBXFrameworksBuildPhase section */

/* Begin PBXGroup section */
		1BF6849E1D9E3E6000B275FF /* iRate */ = {
			isa = PBXGroup;
			children = (
				1BF6849F1D9E3E6000B275FF /* iRate.bundle */,
				1BF684A01D9E3E6000B275FF /* iRate.h */,
				1BF684A11D9E3E6000B275FF /* iRate.m */,
			);
			path = iRate;
			sourceTree = "<group>";
		};
		1BF684AC1D9E3F2F00B275FF /* Rating */ = {
			isa = PBXGroup;
			children = (
				1BF684AD1D9E3F2F00B275FF /* FlashRuntimeExtensions.h */,
				1BF684AE1D9E3F2F00B275FF /* Rating-Prefix.pch */,
				1BF684AF1D9E3F2F00B275FF /* Rating.h */,
				1BF684B01D9E3F2F00B275FF /* Rating.m */,
			);
			path = Rating;
			sourceTree = "<group>";
		};
		F8487303191FEEB000808C8C = {
			isa = PBXGroup;
			children = (
				1BF684AC1D9E3F2F00B275FF /* Rating */,
				1BF6849E1D9E3E6000B275FF /* iRate */,
				F848730E191FEEB000808C8C /* Frameworks */,
				F848730D191FEEB000808C8C /* Products */,
			);
			sourceTree = "<group>";
		};
		F848730D191FEEB000808C8C /* Products */ = {
			isa = PBXGroup;
			children = (
				F848730C191FEEB000808C8C /* libRating.a */,
			);
			name = Products;
			sourceTree = "<group>";
		};
		F848730E191FEEB000808C8C /* Frameworks */ = {
			isa = PBXGroup;
			children = (
				F8487313191FEEB000808C8C /* UIKit.framework */,
				F848730F191FEEB000808C8C /* Foundation.framework */,
			);
			name = Frameworks;
			sourceTree = "<group>";
		};
/* End PBXGroup section */

/* Begin PBXHeadersBuildPhase section */
		F848730A191FEEB000808C8C /* Headers */ = {
			isa = PBXHeadersBuildPhase;
			buildActionMask = 2147483647;
			files = (
				1BF684B31D9E3F2F00B275FF /* Rating.h in Headers */,
				1BF684A31D9E3E6000B275FF /* iRate.h in Headers */,
				1BF684B21D9E3F2F00B275FF /* Rating-Prefix.pch in Headers */,
				1BF684B11D9E3F2F00B275FF /* FlashRuntimeExtensions.h in Headers */,
			);
			runOnlyForDeploymentPostprocessing = 0;
		};
/* End PBXHeadersBuildPhase section */

/* Begin PBXNativeTarget section */
		F848730B191FEEB000808C8C /* Rating */ = {
			isa = PBXNativeTarget;
			buildConfigurationList = F8487336191FEEB000808C8C /* Build configuration list for PBXNativeTarget "Rating" */;
			buildPhases = (
				F8487308191FEEB000808C8C /* Sources */,
				F8487309191FEEB000808C8C /* Frameworks */,
				F848730A191FEEB000808C8C /* Headers */,
				F8487357192005B800808C8C /* Resources */,
				F84873591920106500808C8C /* CopyFiles */,
			);
			buildRules = (
			);
			dependencies = (
			);
			name = Rating;
			productName = Rating;
			productReference = F848730C191FEEB000808C8C /* libRating.a */;
			productType = "com.apple.product-type.library.static";
		};
/* End PBXNativeTarget section */

/* Begin PBXProject section */
		F8487304191FEEB000808C8C /* Project object */ = {
			isa = PBXProject;
			attributes = {
				LastUpgradeCheck = 0510;
			};
			buildConfigurationList = F8487307191FEEB000808C8C /* Build configuration list for PBXProject "Rating" */;
			compatibilityVersion = "Xcode 3.2";
			developmentRegion = English;
			hasScannedForEncodings = 0;
			knownRegions = (
				en,
			);
			mainGroup = F8487303191FEEB000808C8C;
			productRefGroup = F848730D191FEEB000808C8C /* Products */;
			projectDirPath = "";
			projectRoot = "";
			targets = (
				F848730B191FEEB000808C8C /* Rating */,
			);
		};
/* End PBXProject section */

/* Begin PBXResourcesBuildPhase section */
		F8487357192005B800808C8C /* Resources */ = {
			isa = PBXResourcesBuildPhase;
			buildActionMask = 2147483647;
			files = (
				1BF684A21D9E3E6000B275FF /* iRate.bundle in Resources */,
			);
			runOnlyForDeploymentPostprocessing = 0;
		};
/* End PBXResourcesBuildPhase section */

/* Begin PBXSourcesBuildPhase section */
		F8487308191FEEB000808C8C /* Sources */ = {
			isa = PBXSourcesBuildPhase;
			buildActionMask = 2147483647;
			files = (
				1BF684B41D9E3F2F00B275FF /* Rating.m in Sources */,
				1BF684A41D9E3E6000B275FF /* iRate.m in Sources */,
			);
			runOnlyForDeploymentPostprocessing = 0;
		};
/* End PBXSourcesBuildPhase section */

/* Begin XCBuildConfiguration section */
		F8487334191FEEB000808C8C /* Debug */ = {
			isa = XCBuildConfiguration;
			buildSettings = {
				ALWAYS_SEARCH_USER_PATHS = NO;
				ARCHS = "$(ARCHS_STANDARD)";
				CLANG_ENABLE_OBJC_ARC = YES;
				COPY_PHASE_STRIP = NO;
				GCC_C_LANGUAGE_STANDARD = gnu99;
				GCC_DYNAMIC_NO_PIC = NO;
				GCC_ENABLE_CPP_EXCEPTIONS = NO;
				GCC_ENABLE_OBJC_EXCEPTIONS = YES;
				GCC_OPTIMIZATION_LEVEL = 0;
				GCC_PREPROCESSOR_DEFINITIONS = (
					"DEBUG=1",
					"$(inherited)",
				);
				GCC_SYMBOLS_PRIVATE_EXTERN = NO;
				GCC_VERSION = "";
				GCC_WARN_ABOUT_MISSING_PROTOTYPES = YES;
				GCC_WARN_ABOUT_RETURN_TYPE = YES;
				GCC_WARN_UNUSED_VARIABLE = YES;
				IPHONEOS_DEPLOYMENT_TARGET = 4.3;
				ONLY_ACTIVE_ARCH = NO;
				SDKROOT = iphoneos;
				TARGETED_DEVICE_FAMILY = "1,2";
				USER_HEADER_SEARCH_PATHS = "/Users/jianzi0307/Documents/工作/AlanoGamesStudio/Rating/NativeIOS/include/";
			};
			name = Debug;
		};
		F8487335191FEEB000808C8C /* Release */ = {
			isa = XCBuildConfiguration;
			buildSettings = {
				ALWAYS_SEARCH_USER_PATHS = NO;
				ARCHS = "$(ARCHS_STANDARD)";
				CLANG_ENABLE_OBJC_ARC = YES;
				COPY_PHASE_STRIP = YES;
				GCC_C_LANGUAGE_STANDARD = gnu99;
				GCC_ENABLE_CPP_EXCEPTIONS = NO;
				GCC_ENABLE_OBJC_EXCEPTIONS = YES;
				GCC_VERSION = "";
				GCC_WARN_ABOUT_MISSING_PROTOTYPES = YES;
				GCC_WARN_ABOUT_RETURN_TYPE = YES;
				GCC_WARN_UNUSED_VARIABLE = YES;
				IPHONEOS_DEPLOYMENT_TARGET = 4.3;
				ONLY_ACTIVE_ARCH = NO;
				SDKROOT = iphoneos;
				TARGETED_DEVICE_FAMILY = "1,2";
				USER_HEADER_SEARCH_PATHS = "/Users/jianzi0307/Documents/工作/AlanoGamesStudio/Rating/NativeIOS/include/";
				VALIDATE_PRODUCT = YES;
				VALID_ARCHS = "arm64 armv7 armv7s";
			};
			name = Release;
		};
		F8487337191FEEB000808C8C /* Debug */ = {
			isa = XCBuildConfiguration;
			buildSettings = {
				CLANG_ENABLE_OBJC_ARC = YES;
				DSTROOT = /tmp/Rating.dst;
				GCC_PRECOMPILE_PREFIX_HEADER = YES;
				GCC_PREFIX_HEADER = "Rating/Rating-Prefix.pch";
				GCC_VERSION = "";
				IPHONEOS_DEPLOYMENT_TARGET = 5.1;
				ONLY_ACTIVE_ARCH = NO;
				OTHER_LDFLAGS = "-ObjC";
				PRODUCT_NAME = "$(TARGET_NAME)";
				SDKROOT = iphoneos;
				SKIP_INSTALL = YES;
				TARGETED_DEVICE_FAMILY = "1,2";
			};
			name = Debug;
		};
		F8487338191FEEB000808C8C /* Release */ = {
			isa = XCBuildConfiguration;
			buildSettings = {
				CLANG_ENABLE_OBJC_ARC = YES;
				DSTROOT = /tmp/Rating.dst;
				GCC_PRECOMPILE_PREFIX_HEADER = YES;
				GCC_PREFIX_HEADER = "Rating/Rating-Prefix.pch";
				GCC_VERSION = "";
				IPHONEOS_DEPLOYMENT_TARGET = 5.1;
				ONLY_ACTIVE_ARCH = NO;
				OTHER_LDFLAGS = "-ObjC";
				PRODUCT_NAME = "$(TARGET_NAME)";
				SDKROOT = iphoneos;
				SKIP_INSTALL = YES;
				TARGETED_DEVICE_FAMILY = "1,2";
			};
			name = Release;
		};
/* End XCBuildConfiguration section */

/* Begin XCConfigurationList section */
		F8487307191FEEB000808C8C /* Build configuration list for PBXProject "Rating" */ = {
			isa = XCConfigurationList;
			buildConfigurations = (
				F8487334191FEEB000808C8C /* Debug */,
				F8487335191FEEB000808C8C /* Release */,
			);
			defaultConfigurationIsVisible = 0;
			defaultConfigurationName = Release;
		};
		F8487336191FEEB000808C8C /* Build configuration list for PBXNativeTarget "Rating" */ = {
			isa = XCConfigurationList;
			buildConfigurations = (
				F8487337191FEEB000808C8C /* Debug */,
				F8487338191FEEB000808C8C /* Release */,
			);
			defaultConfigurationIsVisible = 0;
			defaultConfigurationName = Release;
		};
/* End XCConfigurationList section */
	};
	rootObject = F8487304191FEEB000808C8C /* Project object */;
}
